// !$*UTF8*$!
{
	archiveVersion = 1;
	classes = {
	};
	objectVersion = 46;
	objects = {

/* Begin PBXBuildFile section */
		5BE64CE51E90F1500064C481 /* AppDelegate.swift in Sources */ = {isa = PBXBuildFile; fileRef = 5BE64CE41E90F1500064C481 /* AppDelegate.swift */; };
		5BE64CE71E90F1500064C481 /* ViewController.swift in Sources */ = {isa = PBXBuildFile; fileRef = 5BE64CE61E90F1500064C481 /* ViewController.swift */; };
		5BE64CEA1E90F1500064C481 /* Main.storyboard in Resources */ = {isa = PBXBuildFile; fileRef = 5BE64CE81E90F1500064C481 /* Main.storyboard */; };
		5BE64CED1E90F1500064C481 /* MovieBoxCoreData.xcdatamodeld in Sources */ = {isa = PBXBuildFile; fileRef = 5BE64CEB1E90F1500064C481 /* MovieBoxCoreData.xcdatamodeld */; };
		5BE64CEF1E90F1500064C481 /* Assets.xcassets in Resources */ = {isa = PBXBuildFile; fileRef = 5BE64CEE1E90F1500064C481 /* Assets.xcassets */; };
		5BE64CF21E90F1500064C481 /* LaunchScreen.storyboard in Resources */ = {isa = PBXBuildFile; fileRef = 5BE64CF01E90F1500064C481 /* LaunchScreen.storyboard */; };
/* End PBXBuildFile section */

/* Begin PBXFileReference section */
		5BE64CE11E90F1500064C481 /* MovieBoxCoreData.app */ = {isa = PBXFileReference; explicitFileType = wrapper.application; includeInIndex = 0; path = MovieBoxCoreData.app; sourceTree = BUILT_PRODUCTS_DIR; };
		5BE64CE41E90F1500064C481 /* AppDelegate.swift */ = {isa = PBXFileReference; lastKnownFileType = sourcecode.swift; path = AppDelegate.swift; sourceTree = "<group>"; };
		5BE64CE61E90F1500064C481 /* ViewController.swift */ = {isa = PBXFileReference; lastKnownFileType = sourcecode.swift; path = ViewController.swift; sourceTree = "<group>"; };
		5BE64CE91E90F1500064C481 /* Base */ = {isa = PBXFileReference; lastKnownFileType = file.storyboard; name = Base; path = Base.lproj/Main.storyboard; sourceTree = "<group>"; };
		5BE64CEC1E90F1500064C481 /* MovieBoxCoreData.xcdatamodel */ = {isa = PBXFileReference; lastKnownFileType = wrapper.xcdatamodel; path = MovieBoxCoreData.xcdatamodel; sourceTree = "<group>"; };
		5BE64CEE1E90F1500064C481 /* Assets.xcassets */ = {isa = PBXFileReference; lastKnownFileType = folder.assetcatalog; path = Assets.xcassets; sourceTree = "<group>"; };
		5BE64CF11E90F1500064C481 /* Base */ = {isa = PBXFileReference; lastKnownFileType = file.storyboard; name = Base; path = Base.lproj/LaunchScreen.storyboard; sourceTree = "<group>"; };
		5BE64CF31E90F1500064C481 /* Info.plist */ = {isa = PBXFileReference; lastKnownFileType = text.plist.xml; path = Info.plist; sourceTree = "<group>"; };
/* End PBXFileReference section */

/* Begin PBXFrameworksBuildPhase section */
		5BE64CDE1E90F1500064C481 /* Frameworks */ = {
			isa = PBXFrameworksBuildPhase;
			buildActionMask = 2147483647;
			files = (
			);
			runOnlyForDeploymentPostprocessing = 0;
		};
/* End PBXFrameworksBuildPhase section */

/* Begin PBXGroup section */
		5BE64CD81E90F1500064C481 = {
			isa = PBXGroup;
			children = (
				5BE64CE31E90F1500064C481 /* MovieBoxCoreData */,
				5BE64CE21E90F1500064C481 /* Products */,
			);
			sourceTree = "<group>";
		};
		5BE64CE21E90F1500064C481 /* Products */ = {
			isa = PBXGroup;
			children = (
				5BE64CE11E90F1500064C481 /* MovieBoxCoreData.app */,
			);
			name = Products;
			sourceTree = "<group>";
		};
		5BE64CE31E90F1500064C481 /* MovieBoxCoreData */ = {
			isa = PBXGroup;
			children = (
				5BE64CE41E90F1500064C481 /* AppDelegate.swift */,
				5BE64CE61E90F1500064C481 /* ViewController.swift */,
				5BE64CE81E90F1500064C481 /* Main.storyboard */,
				5BE64CEE1E90F1500064C481 /* Assets.xcassets */,
				5BE64CF01E90F1500064C481 /* LaunchScreen.storyboard */,
				5BE64CF31E90F1500064C481 /* Info.plist */,
				5BE64CEB1E90F1500064C481 /* MovieBoxCoreData.xcdatamodeld */,
			);
			path = MovieBoxCoreData;
			sourceTree = "<group>";
		};
/* End PBXGroup section */

/* Begin PBXNativeTarget section */
		5BE64CE01E90F1500064C481 /* MovieBoxCoreData */ = {
			isa = PBXNativeTarget;
			buildConfigurationList = 5BE64CF61E90F1500064C481 /* Build configuration list for PBXNativeTarget "MovieBoxCoreData" */;
			buildPhases = (
				5BE64CDD1E90F1500064C481 /* Sources */,
				5BE64CDE1E90F1500064C481 /* Frameworks */,
				5BE64CDF1E90F1500064C481 /* Resources */,
			);
			buildRules = (
			);
			dependencies = (
			);
			name = MovieBoxCoreData;
			productName = MovieBoxCoreData;
			productReference = 5BE64CE11E90F1500064C481 /* MovieBoxCoreData.app */;
			productType = "com.apple.product-type.application";
		};
/* End PBXNativeTarget section */

/* Begin PBXProject section */
		5BE64CD91E90F1500064C481 /* Project object */ = {
			isa = PBXProject;
			attributes = {
				LastSwiftUpdateCheck = 0820;
				LastUpgradeCheck = 0820;
				ORGANIZATIONNAME = "Jaskeerat Singh Bhatia";
				TargetAttributes = {
					5BE64CE01E90F1500064C481 = {
						CreatedOnToolsVersion = 8.2.1;
						ProvisioningStyle = Automatic;
					};
				};
			};
			buildConfigurationList = 5BE64CDC1E90F1500064C481 /* Build configuration list for PBXProject "MovieBoxCoreData" */;
			compatibilityVersion = "Xcode 3.2";
			developmentRegion = English;
			hasScannedForEncodings = 0;
			knownRegions = (
				en,
				Base,
			);
			mainGroup = 5BE64CD81E90F1500064C481;
			productRefGroup = 5BE64CE21E90F1500064C481 /* Products */;
			projectDirPath = "";
			projectRoot = "";
			targets = (
				5BE64CE01E90F1500064C481 /* MovieBoxCoreData */,
			);
		};
/* End PBXProject section */

/* Begin PBXResourcesBuildPhase section */
		5BE64CDF1E90F1500064C481 /* Resources */ = {
			isa = PBXResourcesBuildPhase;
			buildActionMask = 2147483647;
			files = (
				5BE64CF21E90F1500064C481 /* LaunchScreen.storyboard in Resources */,
				5BE64CEF1E90F1500064C481 /* Assets.xcassets in Resources */,
				5BE64CEA1E90F1500064C481 /* Main.storyboard in Resources */,
			);
			runOnlyForDeploymentPostprocessing = 0;
		};
/* End PBXResourcesBuildPhase section */

/* Begin PBXSourcesBuildPhase section */
		5BE64CDD1E90F1500064C481 /* Sources */ = {
			isa = PBXSourcesBuildPhase;
			buildActionMask = 2147483647;
			files = (
				5BE64CE71E90F1500064C481 /* ViewController.swift in Sources */,
				5BE64CE51E90F1500064C481 /* AppDelegate.swift in Sources */,
				5BE64CED1E90F1500064C481 /* MovieBoxCoreData.xcdatamodeld in Sources */,
			);
			runOnlyForDeploymentPostprocessing = 0;
		};
/* End PBXSourcesBuildPhase section */

/* Begin PBXVariantGroup section */
		5BE64CE81E90F1500064C481 /* Main.storyboard */ = {
			isa = PBXVariantGroup;
			children = (
				5BE64CE91E90F1500064C481 /* Base */,
			);
			name = Main.storyboard;
			sourceTree = "<group>";
		};
		5BE64CF01E90F1500064C481 /* LaunchScreen.storyboard */ = {
			isa = PBXVariantGroup;
			children = (
				5BE64CF11E90F1500064C481 /* Base */,
			);
			name = LaunchScreen.storyboard;
			sourceTree = "<group>";
		};
/* End PBXVariantGroup section */

/* Begin XCBuildConfiguration section */
		5BE64CF41E90F1500064C481 /* Debug */ = {
			isa = XCBuildConfiguration;
			buildSettings = {
				ALWAYS_SEARCH_USER_PATHS = NO;
				CLANG_ANALYZER_NONNULL = YES;
				CLANG_CXX_LANGUAGE_STANDARD = "gnu++0x";
				CLANG_CXX_LIBRARY = "libc++";
				CLANG_ENABLE_MODULES = YES;
				CLANG_ENABLE_OBJC_ARC = YES;
				CLANG_WARN_BOOL_CONVERSION = YES;
				CLANG_WARN_CONSTANT_CONVERSION = YES;
				CLANG_WARN_DIRECT_OBJC_ISA_USAGE = YES_ERROR;
				CLANG_WARN_DOCUMENTATION_COMMENTS = YES;
				CLANG_WARN_EMPTY_BODY = YES;
				CLANG_WARN_ENUM_CONVERSION = YES;
				CLANG_WARN_INFINITE_RECURSION = YES;
				CLANG_WARN_INT_CONVERSION = YES;
				CLANG_WARN_OBJC_ROOT_CLASS = YES_ERROR;
				CLANG_WARN_SUSPICIOUS_MOVE = YES;
				CLANG_WARN_UNREACHABLE_CODE = YES;
				CLANG_WARN__DUPLICATE_METHOD_MATCH = YES;
				"CODE_SIGN_IDENTITY[sdk=iphoneos*]" = "iPhone Developer";
				COPY_PHASE_STRIP = NO;
				DEBUG_INFORMATION_FORMAT = dwarf;
				ENABLE_STRICT_OBJC_MSGSEND = YES;
				ENABLE_TESTABILITY = YES;
				GCC_C_LANGUAGE_STANDARD = gnu99;
				GCC_DYNAMIC_NO_PIC = NO;
				GCC_NO_COMMON_BLOCKS = YES;
				GCC_OPTIMIZATION_LEVEL = 0;
				GCC_PREPROCESSOR_DEFINITIONS = (
					"DEBUG=1",
					"$(inherited)",
				);
				GCC_WARN_64_TO_32_BIT_CONVERSION = YES;
				GCC_WARN_ABOUT_RETURN_TYPE = YES_ERROR;
				GCC_WARN_UNDECLARED_SELECTOR = YES;
				GCC_WARN_UNINITIALIZED_AUTOS = YES_AGGRESSIVE;
				GCC_WARN_UNUSED_FUNCTION = YES;
				GCC_WARN_UNUSED_VARIABLE = YES;
				IPHONEOS_DEPLOYMENT_TARGET = 10.2;
				MTL_ENABLE_DEBUG_INFO = YES;
				ONLY_ACTIVE_ARCH = YES;
				SDKROOT = iphoneos;
				SWIFT_ACTIVE_COMPILATION_CONDITIONS = DEBUG;
				SWIFT_OPTIMIZATION_LEVEL = "-Onone";
				TARGETED_DEVICE_FAMILY = "1,2";
			};
			name = Debug;
		};
		5BE64CF51E90F1500064C481 /* Release */ = {
			isa = XCBuildConfiguration;
			buildSettings = {
				ALWAYS_SEARCH_USER_PATHS = NO;
				CLANG_ANALYZER_NONNULL = YES;
				CLANG_CXX_LANGUAGE_STANDARD = "gnu++0x";
				CLANG_CXX_LIBRARY = "libc++";
				CLANG_ENABLE_MODULES = YES;
				CLANG_ENABLE_OBJC_ARC = YES;
				CLANG_WARN_BOOL_CONVERSION = YES;
				CLANG_WARN_CONSTANT_CONVERSION = YES;
				CLANG_WARN_DIRECT_OBJC_ISA_USAGE = YES_ERROR;
				CLANG_WARN_DOCUMENTATION_COMMENTS = YES;
				CLANG_WARN_EMPTY_BODY = YES;
				CLANG_WARN_ENUM_CONVERSION = YES;
				CLANG_WARN_INFINITE_RECURSION = YES;
				CLANG_WARN_INT_CONVERSION = YES;
				CLANG_WARN_OBJC_ROOT_CLASS = YES_ERROR;
				CLANG_WARN_SUSPICIOUS_MOVE = YES;
				CLANG_WARN_UNREACHABLE_CODE = YES;
				CLANG_WARN__DUPLICATE_METHOD_MATCH = YES;
				"CODE_SIGN_IDENTITY[sdk=iphoneos*]" = "iPhone Developer";
				COPY_PHASE_STRIP = NO;
				DEBUG_INFORMATION_FORMAT = "dwarf-with-dsym";
				ENABLE_NS_ASSERTIONS = NO;
				ENABLE_STRICT_OBJC_MSGSEND = YES;
				GCC_C_LANGUAGE_STANDARD = gnu99;
				GCC_NO_COMMON_BLOCKS = YES;
				GCC_WARN_64_TO_32_BIT_CONVERSION = YES;
				GCC_WARN_ABOUT_RETURN_TYPE = YES_ERROR;
				GCC_WARN_UNDECLARED_SELECTOR = YES;
				GCC_WARN_UNINITIALIZED_AUTOS = YES_AGGRESSIVE;
				GCC_WARN_UNUSED_FUNCTION = YES;
				GCC_WARN_UNUSED_VARIABLE = YES;
				IPHONEOS_DEPLOYMENT_TARGET = 10.2;
				MTL_ENABLE_DEBUG_INFO = NO;
				SDKROOT = iphoneos;
				SWIFT_OPTIMIZATION_LEVEL = "-Owholemodule";
				TARGETED_DEVICE_FAMILY = "1,2";
				VALIDATE_PRODUCT = YES;
			};
			name = Release;
		};
		5BE64CF71E90F1500064C481 /* Debug */ = {
			isa = XCBuildConfiguration;
			buildSettings = {
				ASSETCATALOG_COMPILER_APPICON_NAME = AppIcon;
				INFOPLIST_FILE = MovieBoxCoreData/Info.plist;
				LD_RUNPATH_SEARCH_PATHS = "$(inherited) @executable_path/Frameworks";
				PRODUCT_BUNDLE_IDENTIFIER = com.jb.MovieBoxCoreData;
				PRODUCT_NAME = "$(TARGET_NAME)";
				SWIFT_VERSION = 3.0;
			};
			name = Debug;
		};
		5BE64CF81E90F1500064C481 /* Release */ = {
			isa = XCBuildConfiguration;
			buildSettings = {
				ASSETCATALOG_COMPILER_APPICON_NAME = AppIcon;
				INFOPLIST_FILE = MovieBoxCoreData/Info.plist;
				LD_RUNPATH_SEARCH_PATHS = "$(inherited) @executable_path/Frameworks";
				PRODUCT_BUNDLE_IDENTIFIER = com.jb.MovieBoxCoreData;
				PRODUCT_NAME = "$(TARGET_NAME)";
				SWIFT_VERSION = 3.0;
			};
			name = Release;
		};
/* End XCBuildConfiguration section */

/* Begin XCConfigurationList section */
		5BE64CDC1E90F1500064C481 /* Build configuration list for PBXProject "MovieBoxCoreData" */ = {
			isa = XCConfigurationList;
			buildConfigurations = (
				5BE64CF41E90F1500064C481 /* Debug */,
				5BE64CF51E90F1500064C481 /* Release */,
			);
			defaultConfigurationIsVisible = 0;
			defaultConfigurationName = Release;
		};
		5BE64CF61E90F1500064C481 /* Build configuration list for PBXNativeTarget "MovieBoxCoreData" */ = {
			isa = XCConfigurationList;
			buildConfigurations = (
				5BE64CF71E90F1500064C481 /* Debug */,
				5BE64CF81E90F1500064C481 /* Release */,
			);
			defaultConfigurationIsVisible = 0;
		};
/* End XCConfigurationList section */

/* Begin XCVersionGroup section */
		5BE64CEB1E90F1500064C481 /* MovieBoxCoreData.xcdatamodeld */ = {
			isa = XCVersionGroup;
			children = (
				5BE64CEC1E90F1500064C481 /* MovieBoxCoreData.xcdatamodel */,
			);
			currentVersion = 5BE64CEC1E90F1500064C481 /* MovieBoxCoreData.xcdatamodel */;
			path = MovieBoxCoreData.xcdatamodeld;
			sourceTree = "<group>";
			versionGroupType = wrapper.xcdatamodel;
		};
/* End XCVersionGroup section */
	};
	rootObject = 5BE64CD91E90F1500064C481 /* Project object */;
}
